
Microsoft Visual Studio Solution File, Format Version 12.00
# Visual Studio Version 17
VisualStudioVersion = 17.4.33205.214
MinimumVisualStudioVersion = 10.0.40219.1
Project("{9A19103F-16F7-4668-BE54-9A1E7A4F7556}") = "ha-demo", "ha-demo.csproj", "{4853E5CF-6204-4FF7-87F4-2A26736F01DC}"
EndProject
Project("{E53339B2-1760-4266-BCC7-CA923CBCF16C}") = "docker-compose", "docker-compose.dcproj", "{515BCF76-2FDC-46CD-8B00-053536449E3B}"
EndProject
Global
	GlobalSection(SolutionConfigurationPlatforms) = preSolution
		Debug|Any CPU = Debug|Any CPU
		Release|Any CPU = Release|Any CPU
	EndGlobalSection
	GlobalSection(ProjectConfigurationPlatforms) = postSolution
		{4853E5CF-6204-4FF7-87F4-2A26736F01DC}.Debug|Any CPU.ActiveCfg = Debug|Any CPU
		{4853E5CF-6204-4FF7-87F4-2A26736F01DC}.Debug|Any CPU.Build.0 = Debug|Any CPU
		{4853E5CF-6204-4FF7-87F4-2A26736F01DC}.Release|Any CPU.ActiveCfg = Release|Any CPU
		{4853E5CF-6204-4FF7-87F4-2A26736F01DC}.Release|Any CPU.Build.0 = Release|Any CPU
		{515BCF76-2FDC-46CD-8B00-053536449E3B}.Debug|Any CPU.ActiveCfg = Debug|Any CPU
		{515BCF76-2FDC-46CD-8B00-053536449E3B}.Debug|Any CPU.Build.0 = Debug|Any CPU
		{515BCF76-2FDC-46CD-8B00-053536449E3B}.Release|Any CPU.ActiveCfg = Release|Any CPU
		{515BCF76-2FDC-46CD-8B00-053536449E3B}.Release|Any CPU.Build.0 = Release|Any CPU
	EndGlobalSection
	GlobalSection(SolutionProperties) = preSolution
		HideSolutionNode = FALSE
	EndGlobalSection
	GlobalSection(ExtensibilityGlobals) = postSolution
		SolutionGuid = {E4376611-B6F1-42DD-9366-AB62C0D60D25}
	EndGlobalSection
EndGlobal
